{
  "lockfileVersion": 1,
  "configVersion": 1,
  "workspaces": {
    "": {
      "name": "@noir-binius/backend",
      "devDependencies": {
        "@noir-lang/noir_js": "1.0.0-beta.18",
        "@types/bun": "latest",
        "@types/node": "^22.0.0",
        "typescript": "^5.8.3",
      },
      "peerDependencies": {
        "@noir-lang/noir_js": "1.0.0-beta.18",
      },
    },
  },
  "packages": {
    "@noir-lang/acvm_js": ["@noir-lang/acvm_js@1.0.0-beta.18", "", {}, "sha512-QQXAaowxSzGKk+Ua7ofc2jcpvUTYSxmDuF5SzwwOFMue9+ccp9QcqOkjyyIZWjtapcenV7YCXrzcBjvEt7N8Nw=="],

    "@noir-lang/noir_js": ["@noir-lang/noir_js@1.0.0-beta.18", "", { "dependencies": { "@noir-lang/acvm_js": "1.0.0-beta.18", "@noir-lang/noirc_abi": "1.0.0-beta.18", "@noir-lang/types": "1.0.0-beta.18", "pako": "^2.1.0" } }, "sha512-J0VSw13U9SQpejh1sWNEjuKxjl/uJblOmWJMdlpYqCetth9oBAnKv8+IMk0bZlkrjDp22Yf8vMDkf+Qb8KBZ2Q=="],

    "@noir-lang/noirc_abi": ["@noir-lang/noirc_abi@1.0.0-beta.18", "", { "dependencies": { "@noir-lang/types": "1.0.0-beta.18" } }, "sha512-ZLobgQwGbxBpR4iMQpCpYQS4EaM25Fl31rVkrcteQIwcz5kAknH1Yc5FJYICCxzO1HEFj6coAzF3FXO/Ic4p4Q=="],

    "@noir-lang/types": ["@noir-lang/types@1.0.0-beta.18", "", {}, "sha512-/1nsk8qFd27P6bW4W5ayUjMQpN6PustwTJEqZPNP//DZ6TrolnWxT/Y+7v9d2/a4OZal61sx177VjQY3U2GZvw=="],

    "@types/bun": ["@types/bun@1.4.0", "", { "dependencies": { "bun-types": "1.4.0" } }, "sha512-K+lZULY23vRgK/CfTjFIV+tyifaNdSMlPh9j+6mQ/cLfpOznLyAuzgV/JQysyECpkBQLVMSyvjlr2fBUSA9wFQ=="],

    "@types/node": ["@types/node@22.20.1", "", { "dependencies": { "undici-types": "~6.21.0" } }, "sha512-EANqOCF9QFyra+4pfxUcX9STKJpCLjMbObVzljIJomAWSnuSIEAvyzEU53GaajbXJEgdh0iEcPL+DGvpUd4k1Q=="],

    "bun-types": ["bun-types@1.4.0", "", { "dependencies": { "@types/node": "*" } }, "sha512-iIKw23BspnQQYd3prITOBxeUsxBHnwzX6YJfGMuNOZzeNcMmVqzIIVGRm1l69ogaPQmb4wB6BN8mA5bE9YuC5Q=="],

    "pako": ["pako@2.2.0", "", {}, "sha512-zJq6RP/5q+TO2OpFV3FHzlPnFjmkb7Nc99a5SNjJE+uu/PkpChs+NIZSSzbBoD+6kjiISXjfYdwj1ZRQ81dz/w=="],

    "typescript": ["typescript@5.9.3", "", { "bin": { "tsc": "bin/tsc", "tsserver": "bin/tsserver" } }, "sha512-jl1vZzPDinLr9eUt3J/t7V6FgNEw9QjvBPdysz9KfQDD41fQrC2Y4vKQdiaUpFT4bXlb1RHhLpp8wtm6M5TgSw=="],

    "undici-types": ["undici-types@6.21.0", "", {}, "sha512-iwDZqg0QAGrg9Rav5H4n0M64c3mkR59cJ6wQp+7C4nI0gsmExaedaYLNO44eT4AtBBwjbTiGPMlt2Md0T9H9JQ=="],
  }
}
